
Microsoft Visual Studio Solution File, Format Version 12.00
# Visual Studio Version 17
VisualStudioVersion = 17.14.37027.9 d17.14
MinimumVisualStudioVersion = 10.0.40219.1
Project("{FAE04EC0-301F-11D3-BF4B-00C04F79EFBC}") = "ChainGlow.UI", "ChainGlow.UI\ChainGlow.UI.csproj", "{02EBEB9C-FCEC-48E5-A2C3-557C2BE08B55}"
EndProject
Global
	GlobalSection(SolutionConfigurationPlatforms) = preSolution
		Debug|Any CPU = Debug|Any CPU
		Release|Any CPU = Release|Any CPU
	EndGlobalSection
	GlobalSection(ProjectConfigurationPlatforms) = postSolution
		{02EBEB9C-FCEC-48E5-A2C3-557C2BE08B55}.Debug|Any CPU.ActiveCfg = Debug|Any CPU
		{02EBEB9C-FCEC-48E5-A2C3-557C2BE08B55}.Debug|Any CPU.Build.0 = Debug|Any CPU
		{02EBEB9C-FCEC-48E5-A2C3-557C2BE08B55}.Release|Any CPU.ActiveCfg = Release|Any CPU
		{02EBEB9C-FCEC-48E5-A2C3-557C2BE08B55}.Release|Any CPU.Build.0 = Release|Any CPU
	EndGlobalSection
	GlobalSection(SolutionProperties) = preSolution
		HideSolutionNode = FALSE
	EndGlobalSection
	GlobalSection(ExtensibilityGlobals) = postSolution
		SolutionGuid = {CAAF96F3-ED58-4F3E-84DE-9ADC90966849}
	EndGlobalSection
EndGlobal
